
Microsoft Visual Studio Solution File, Format Version 12.00
# Visual Studio Version 17
VisualStudioVersion = 17.7.34221.43
MinimumVisualStudioVersion = 10.0.40219.1
Project("{FAE04EC0-301F-11D3-BF4B-00C04F79EFBC}") = "PrviRok", "PrviRok.csproj", "{D93EF468-0C7D-477A-9956-74B28054BCEC}"
EndProject
Global
	GlobalSection(SolutionConfigurationPlatforms) = preSolution
		Debug|Any CPU = Debug|Any CPU
		Release|Any CPU = Release|Any CPU
	EndGlobalSection
	GlobalSection(ProjectConfigurationPlatforms) = postSolution
		{D93EF468-0C7D-477A-9956-74B28054BCEC}.Debug|Any CPU.ActiveCfg = Debug|Any CPU
		{D93EF468-0C7D-477A-9956-74B28054BCEC}.Debug|Any CPU.Build.0 = Debug|Any CPU
		{D93EF468-0C7D-477A-9956-74B28054BCEC}.Release|Any CPU.ActiveCfg = Release|Any CPU
		{D93EF468-0C7D-477A-9956-74B28054BCEC}.Release|Any CPU.Build.0 = Release|Any CPU
	EndGlobalSection
	GlobalSection(SolutionProperties) = preSolution
		HideSolutionNode = FALSE
	EndGlobalSection
	GlobalSection(ExtensibilityGlobals) = postSolution
		SolutionGuid = {F8827FE1-5BCC-4330-927C-C81473AAE012}
	EndGlobalSection
EndGlobal
